
Microsoft Visual Studio Solution File, Format Version 12.00
# Visual Studio Version 17
VisualStudioVersion = 17.13.35931.197 d17.13
MinimumVisualStudioVersion = 10.0.40219.1
Project("{FAE04EC0-301F-11D3-BF4B-00C04F79EFBC}") = "ryabinin", "ryabinin\ryabinin.csproj", "{8DFE698E-6E1F-4FDF-9F85-D55FFEB54937}"
EndProject
Global
	GlobalSection(SolutionConfigurationPlatforms) = preSolution
		Debug|Any CPU = Debug|Any CPU
		Release|Any CPU = Release|Any CPU
	EndGlobalSection
	GlobalSection(ProjectConfigurationPlatforms) = postSolution
		{8DFE698E-6E1F-4FDF-9F85-D55FFEB54937}.Debug|Any CPU.ActiveCfg = Debug|Any CPU
		{8DFE698E-6E1F-4FDF-9F85-D55FFEB54937}.Debug|Any CPU.Build.0 = Debug|Any CPU
		{8DFE698E-6E1F-4FDF-9F85-D55FFEB54937}.Release|Any CPU.ActiveCfg = Release|Any CPU
		{8DFE698E-6E1F-4FDF-9F85-D55FFEB54937}.Release|Any CPU.Build.0 = Release|Any CPU
	EndGlobalSection
	GlobalSection(SolutionProperties) = preSolution
		HideSolutionNode = FALSE
	EndGlobalSection
	GlobalSection(ExtensibilityGlobals) = postSolution
		SolutionGuid = {1BD0913F-5E46-4439-9E2B-86B2AD1BD369}
	EndGlobalSection
EndGlobal
